// !$*UTF8*$!
{
	archiveVersion = 1;
	classes = {
	};
	objectVersion = 56;
	objects = {

/* Begin PBXBuildFile section */
		3936FEBB2E1AAE1300C7D13D /* DailyApp.swift in Sources */ = {isa = PBXBuildFile; fileRef = 3936FEBA2E1AAE1300C7D13D /* DailyApp.swift */; };
		3936FEBD2E1AAE1300C7D13D /* ContentView.swift in Sources */ = {isa = PBXBuildFile; fileRef = 3936FEBC2E1AAE1300C7D13D /* ContentView.swift */; };
		3936FEBF2E1AAE1600C7D13D /* Assets.xcassets in Resources */ = {isa = PBXBuildFile; fileRef = 3936FEBE2E1AAE1600C7D13D /* Assets.xcassets */; };
		3936FEC22E1AAE1600C7D13D /* Preview Assets.xcassets in Resources */ = {isa = PBXBuildFile; fileRef = 3936FEC12E1AAE1600C7D13D /* Preview Assets.xcassets */; };
		3936FEC42E1AAE1600C7D13D /* Persistence.swift in Sources */ = {isa = PBXBuildFile; fileRef = 3936FEC32E1AAE1600C7D13D /* Persistence.swift */; };
		3936FEC72E1AAE1600C7D13D /* Daily.xcdatamodeld in Sources */ = {isa = PBXBuildFile; fileRef = 3936FEC52E1AAE1600C7D13D /* Daily.xcdatamodeld */; };
		3936FED02E1AB35200C7D13D /* FirebaseAuth in Frameworks */ = {isa = PBXBuildFile; productRef = 3936FECF2E1AB35200C7D13D /* FirebaseAuth */; };
		3936FED22E1AB35200C7D13D /* FirebaseFirestore in Frameworks */ = {isa = PBXBuildFile; productRef = 3936FED12E1AB35200C7D13D /* FirebaseFirestore */; };
		3936FED42E1AB35200C7D13D /* FirebaseFirestoreSwift in Frameworks */ = {isa = PBXBuildFile; productRef = 3936FED32E1AB35200C7D13D /* FirebaseFirestoreSwift */; };
		3936FED62E1AB35200C7D13D /* FirebaseMessaging in Frameworks */ = {isa = PBXBuildFile; productRef = 3936FED52E1AB35200C7D13D /* FirebaseMessaging */; };
		3936FED82E1ABBAF00C7D13D /* GoogleService-Info.plist in Resources */ = {isa = PBXBuildFile; fileRef = 3936FED72E1ABBAF00C7D13D /* GoogleService-Info.plist */; };
		3936FEDA2E1ABE3700C7D13D /* AuthService.swift in Sources */ = {isa = PBXBuildFile; fileRef = 3936FED92E1ABE3700C7D13D /* AuthService.swift */; };
		3936FEDC2E1AC14800C7D13D /* AppDelegate.swift in Sources */ = {isa = PBXBuildFile; fileRef = 3936FEDB2E1AC14800C7D13D /* AppDelegate.swift */; };
		3936FEDE2E1AC28B00C7D13D /* LoginView.swift in Sources */ = {isa = PBXBuildFile; fileRef = 3936FEDD2E1AC28B00C7D13D /* LoginView.swift */; };
		3936FEE02E1AC37100C7D13D /* SignUpView.swift in Sources */ = {isa = PBXBuildFile; fileRef = 3936FEDF2E1AC37100C7D13D /* SignUpView.swift */; };
		3936FEE22E1BA9F500C7D13D /* Goal.swift in Sources */ = {isa = PBXBuildFile; fileRef = 3936FEE12E1BA9F500C7D13D /* Goal.swift */; };
		3936FEE42E1BAA1000C7D13D /* GoalService.swift in Sources */ = {isa = PBXBuildFile; fileRef = 3936FEE32E1BAA1000C7D13D /* GoalService.swift */; };
		3936FEE62E1BAA2400C7D13D /* GoalRow.swift in Sources */ = {isa = PBXBuildFile; fileRef = 3936FEE52E1BAA2400C7D13D /* GoalRow.swift */; };
		3936FEE82E1BAA3800C7D13D /* GoalListView.swift in Sources */ = {isa = PBXBuildFile; fileRef = 3936FEE72E1BAA3800C7D13D /* GoalListView.swift */; };
		3936FEEA2E1BB1D600C7D13D /* HomeView.swift in Sources */ = {isa = PBXBuildFile; fileRef = 3936FEE92E1BB1D600C7D13D /* HomeView.swift */; };
		3936FEEC2E1BC62A00C7D13D /* DailyReviewWorker.swift in Sources */ = {isa = PBXBuildFile; fileRef = 3936FEEB2E1BC62A00C7D13D /* DailyReviewWorker.swift */; };
		3936FEEE2E1BC85C00C7D13D /* DailySummary.swift in Sources */ = {isa = PBXBuildFile; fileRef = 3936FEED2E1BC85C00C7D13D /* DailySummary.swift */; };
/* End PBXBuildFile section */

/* Begin PBXFileReference section */
		3936FEB72E1AAE1300C7D13D /* Daily.app */ = {isa = PBXFileReference; explicitFileType = wrapper.application; includeInIndex = 0; path = Daily.app; sourceTree = BUILT_PRODUCTS_DIR; };
		3936FEBA2E1AAE1300C7D13D /* DailyApp.swift */ = {isa = PBXFileReference; lastKnownFileType = sourcecode.swift; path = DailyApp.swift; sourceTree = "<group>"; };
		3936FEBC2E1AAE1300C7D13D /* ContentView.swift */ = {isa = PBXFileReference; lastKnownFileType = sourcecode.swift; path = ContentView.swift; sourceTree = "<group>"; };
		3936FEBE2E1AAE1600C7D13D /* Assets.xcassets */ = {isa = PBXFileReference; lastKnownFileType = folder.assetcatalog; path = Assets.xcassets; sourceTree = "<group>"; };
		3936FEC12E1AAE1600C7D13D /* Preview Assets.xcassets */ = {isa = PBXFileReference; lastKnownFileType = folder.assetcatalog; path = "Preview Assets.xcassets"; sourceTree = "<group>"; };
		3936FEC32E1AAE1600C7D13D /* Persistence.swift */ = {isa = PBXFileReference; lastKnownFileType = sourcecode.swift; path = Persistence.swift; sourceTree = "<group>"; };
		3936FEC62E1AAE1600C7D13D /* Daily.xcdatamodel */ = {isa = PBXFileReference; lastKnownFileType = wrapper.xcdatamodel; path = Daily.xcdatamodel; sourceTree = "<group>"; };
		3936FEC82E1AAE1600C7D13D /* Info.plist */ = {isa = PBXFileReference; lastKnownFileType = text.plist.xml; path = Info.plist; sourceTree = "<group>"; };
		3936FED72E1ABBAF00C7D13D /* GoogleService-Info.plist */ = {isa = PBXFileReference; fileEncoding = 4; lastKnownFileType = text.plist.xml; path = "GoogleService-Info.plist"; sourceTree = "<group>"; };
		3936FED92E1ABE3700C7D13D /* AuthService.swift */ = {isa = PBXFileReference; lastKnownFileType = sourcecode.swift; path = AuthService.swift; sourceTree = "<group>"; };
		3936FEDB2E1AC14800C7D13D /* AppDelegate.swift */ = {isa = PBXFileReference; lastKnownFileType = sourcecode.swift; path = AppDelegate.swift; sourceTree = "<group>"; };
		3936FEDD2E1AC28B00C7D13D /* LoginView.swift */ = {isa = PBXFileReference; lastKnownFileType = sourcecode.swift; path = LoginView.swift; sourceTree = "<group>"; };
		3936FEDF2E1AC37100C7D13D /* SignUpView.swift */ = {isa = PBXFileReference; lastKnownFileType = sourcecode.swift; path = SignUpView.swift; sourceTree = "<group>"; };
		3936FEE12E1BA9F500C7D13D /* Goal.swift */ = {isa = PBXFileReference; lastKnownFileType = sourcecode.swift; path = Goal.swift; sourceTree = "<group>"; };
		3936FEE32E1BAA1000C7D13D /* GoalService.swift */ = {isa = PBXFileReference; lastKnownFileType = sourcecode.swift; path = GoalService.swift; sourceTree = "<group>"; };
		3936FEE52E1BAA2400C7D13D /* GoalRow.swift */ = {isa = PBXFileReference; lastKnownFileType = sourcecode.swift; path = GoalRow.swift; sourceTree = "<group>"; };
		3936FEE72E1BAA3800C7D13D /* GoalListView.swift */ = {isa = PBXFileReference; lastKnownFileType = sourcecode.swift; path = GoalListView.swift; sourceTree = "<group>"; };
		3936FEE92E1BB1D600C7D13D /* HomeView.swift */ = {isa = PBXFileReference; lastKnownFileType = sourcecode.swift; path = HomeView.swift; sourceTree = "<group>"; };
		3936FEEB2E1BC62A00C7D13D /* DailyReviewWorker.swift */ = {isa = PBXFileReference; lastKnownFileType = sourcecode.swift; path = DailyReviewWorker.swift; sourceTree = "<group>"; };
		3936FEED2E1BC85C00C7D13D /* DailySummary.swift */ = {isa = PBXFileReference; lastKnownFileType = sourcecode.swift; path = DailySummary.swift; sourceTree = "<group>"; };
/* End PBXFileReference section */

/* Begin PBXFrameworksBuildPhase section */
		3936FEB42E1AAE1300C7D13D /* Frameworks */ = {
			isa = PBXFrameworksBuildPhase;
			buildActionMask = 2147483647;
			files = (
				3936FED62E1AB35200C7D13D /* FirebaseMessaging in Frameworks */,
				3936FED02E1AB35200C7D13D /* FirebaseAuth in Frameworks */,
				3936FED22E1AB35200C7D13D /* FirebaseFirestore in Frameworks */,
				3936FED42E1AB35200C7D13D /* FirebaseFirestoreSwift in Frameworks */,
			);
			runOnlyForDeploymentPostprocessing = 0;
		};
/* End PBXFrameworksBuildPhase section */

/* Begin PBXGroup section */
		3936FEAE2E1AAE1300C7D13D = {
			isa = PBXGroup;
			children = (
				3936FED92E1ABE3700C7D13D /* AuthService.swift */,
				3936FEDB2E1AC14800C7D13D /* AppDelegate.swift */,
				3936FEDD2E1AC28B00C7D13D /* LoginView.swift */,
				3936FEE12E1BA9F500C7D13D /* Goal.swift */,
				3936FEE32E1BAA1000C7D13D /* GoalService.swift */,
				3936FEE52E1BAA2400C7D13D /* GoalRow.swift */,
				3936FEE72E1BAA3800C7D13D /* GoalListView.swift */,
				3936FEE92E1BB1D600C7D13D /* HomeView.swift */,
				3936FEEB2E1BC62A00C7D13D /* DailyReviewWorker.swift */,
				3936FEED2E1BC85C00C7D13D /* DailySummary.swift */,
				3936FEDF2E1AC37100C7D13D /* SignUpView.swift */,
				3936FEB92E1AAE1300C7D13D /* Daily */,
				3936FEB82E1AAE1300C7D13D /* Products */,
			);
			sourceTree = "<group>";
		};
		3936FEB82E1AAE1300C7D13D /* Products */ = {
			isa = PBXGroup;
			children = (
				3936FEB72E1AAE1300C7D13D /* Daily.app */,
			);
			name = Products;
			sourceTree = "<group>";
		};
		3936FEB92E1AAE1300C7D13D /* Daily */ = {
			isa = PBXGroup;
			children = (
				3936FEBA2E1AAE1300C7D13D /* DailyApp.swift */,
				3936FEBC2E1AAE1300C7D13D /* ContentView.swift */,
				3936FEBE2E1AAE1600C7D13D /* Assets.xcassets */,
				3936FEC32E1AAE1600C7D13D /* Persistence.swift */,
				3936FEC82E1AAE1600C7D13D /* Info.plist */,
				3936FEC52E1AAE1600C7D13D /* Daily.xcdatamodeld */,
				3936FED72E1ABBAF00C7D13D /* GoogleService-Info.plist */,
				3936FEC02E1AAE1600C7D13D /* Preview Content */,
			);
			path = Daily;
			sourceTree = "<group>";
		};
		3936FEC02E1AAE1600C7D13D /* Preview Content */ = {
			isa = PBXGroup;
			children = (
				3936FEC12E1AAE1600C7D13D /* Preview Assets.xcassets */,
			);
			path = "Preview Content";
			sourceTree = "<group>";
		};
/* End PBXGroup section */

/* Begin PBXNativeTarget section */
		3936FEB62E1AAE1300C7D13D /* Daily */ = {
			isa = PBXNativeTarget;
			buildConfigurationList = 3936FECB2E1AAE1600C7D13D /* Build configuration list for PBXNativeTarget "Daily" */;
			buildPhases = (
				3936FEB32E1AAE1300C7D13D /* Sources */,
				3936FEB42E1AAE1300C7D13D /* Frameworks */,
				3936FEB52E1AAE1300C7D13D /* Resources */,
			);
			buildRules = (
			);
			dependencies = (
			);
			name = Daily;
			packageProductDependencies = (
				3936FECF2E1AB35200C7D13D /* FirebaseAuth */,
				3936FED12E1AB35200C7D13D /* FirebaseFirestore */,
				3936FED32E1AB35200C7D13D /* FirebaseFirestoreSwift */,
				3936FED52E1AB35200C7D13D /* FirebaseMessaging */,
			);
			productName = Daily;
			productReference = 3936FEB72E1AAE1300C7D13D /* Daily.app */;
			productType = "com.apple.product-type.application";
		};
/* End PBXNativeTarget section */

/* Begin PBXProject section */
		3936FEAF2E1AAE1300C7D13D /* Project object */ = {
			isa = PBXProject;
			attributes = {
				BuildIndependentTargetsInParallel = 1;
				LastSwiftUpdateCheck = 1400;
				LastUpgradeCheck = 1400;
				TargetAttributes = {
					3936FEB62E1AAE1300C7D13D = {
						CreatedOnToolsVersion = 14.0.1;
					};
				};
			};
			buildConfigurationList = 3936FEB22E1AAE1300C7D13D /* Build configuration list for PBXProject "Daily" */;
			compatibilityVersion = "Xcode 14.0";
			developmentRegion = en;
			hasScannedForEncodings = 0;
			knownRegions = (
				en,
				Base,
			);
			mainGroup = 3936FEAE2E1AAE1300C7D13D;
			packageReferences = (
				3936FECE2E1AB35200C7D13D /* XCRemoteSwiftPackageReference "firebase-ios-sdk" */,
			);
			productRefGroup = 3936FEB82E1AAE1300C7D13D /* Products */;
			projectDirPath = "";
			projectRoot = "";
			targets = (
				3936FEB62E1AAE1300C7D13D /* Daily */,
			);
		};
/* End PBXProject section */

/* Begin PBXResourcesBuildPhase section */
		3936FEB52E1AAE1300C7D13D /* Resources */ = {
			isa = PBXResourcesBuildPhase;
			buildActionMask = 2147483647;
			files = (
				3936FEC22E1AAE1600C7D13D /* Preview Assets.xcassets in Resources */,
				3936FEBF2E1AAE1600C7D13D /* Assets.xcassets in Resources */,
				3936FED82E1ABBAF00C7D13D /* GoogleService-Info.plist in Resources */,
			);
			runOnlyForDeploymentPostprocessing = 0;
		};
/* End PBXResourcesBuildPhase section */

/* Begin PBXSourcesBuildPhase section */
		3936FEB32E1AAE1300C7D13D /* Sources */ = {
			isa = PBXSourcesBuildPhase;
			buildActionMask = 2147483647;
			files = (
				3936FEEE2E1BC85C00C7D13D /* DailySummary.swift in Sources */,
				3936FEDC2E1AC14800C7D13D /* AppDelegate.swift in Sources */,
				3936FEDE2E1AC28B00C7D13D /* LoginView.swift in Sources */,
				3936FEEA2E1BB1D600C7D13D /* HomeView.swift in Sources */,
				3936FEC42E1AAE1600C7D13D /* Persistence.swift in Sources */,
				3936FEC72E1AAE1600C7D13D /* Daily.xcdatamodeld in Sources */,
				3936FEE02E1AC37100C7D13D /* SignUpView.swift in Sources */,
				3936FEE62E1BAA2400C7D13D /* GoalRow.swift in Sources */,
				3936FEEC2E1BC62A00C7D13D /* DailyReviewWorker.swift in Sources */,
				3936FEDA2E1ABE3700C7D13D /* AuthService.swift in Sources */,
				3936FEE42E1BAA1000C7D13D /* GoalService.swift in Sources */,
				3936FEBD2E1AAE1300C7D13D /* ContentView.swift in Sources */,
				3936FEE22E1BA9F500C7D13D /* Goal.swift in Sources */,
				3936FEBB2E1AAE1300C7D13D /* DailyApp.swift in Sources */,
				3936FEE82E1BAA3800C7D13D /* GoalListView.swift in Sources */,
			);
			runOnlyForDeploymentPostprocessing = 0;
		};
/* End PBXSourcesBuildPhase section */

/* Begin XCBuildConfiguration section */
		3936FEC92E1AAE1600C7D13D /* Debug */ = {
			isa = XCBuildConfiguration;
			buildSettings = {
				ALWAYS_SEARCH_USER_PATHS = NO;
				CLANG_ANALYZER_NONNULL = YES;
				CLANG_ANALYZER_NUMBER_OBJECT_CONVERSION = YES_AGGRESSIVE;
				CLANG_CXX_LANGUAGE_STANDARD = "gnu++20";
				CLANG_ENABLE_MODULES = YES;
				CLANG_ENABLE_OBJC_ARC = YES;
				CLANG_ENABLE_OBJC_WEAK = YES;
				CLANG_WARN_BLOCK_CAPTURE_AUTORELEASING = YES;
				CLANG_WARN_BOOL_CONVERSION = YES;
				CLANG_WARN_COMMA = YES;
				CLANG_WARN_CONSTANT_CONVERSION = YES;
				CLANG_WARN_DEPRECATED_OBJC_IMPLEMENTATIONS = YES;
				CLANG_WARN_DIRECT_OBJC_ISA_USAGE = YES_ERROR;
				CLANG_WARN_DOCUMENTATION_COMMENTS = YES;
				CLANG_WARN_EMPTY_BODY = YES;
				CLANG_WARN_ENUM_CONVERSION = YES;
				CLANG_WARN_INFINITE_RECURSION = YES;
				CLANG_WARN_INT_CONVERSION = YES;
				CLANG_WARN_NON_LITERAL_NULL_CONVERSION = YES;
				CLANG_WARN_OBJC_IMPLICIT_RETAIN_SELF = YES;
				CLANG_WARN_OBJC_LITERAL_CONVERSION = YES;
				CLANG_WARN_OBJC_ROOT_CLASS = YES_ERROR;
				CLANG_WARN_QUOTED_INCLUDE_IN_FRAMEWORK_HEADER = YES;
				CLANG_WARN_RANGE_LOOP_ANALYSIS = YES;
				CLANG_WARN_STRICT_PROTOTYPES = YES;
				CLANG_WARN_SUSPICIOUS_MOVE = YES;
				CLANG_WARN_UNGUARDED_AVAILABILITY = YES_AGGRESSIVE;
				CLANG_WARN_UNREACHABLE_CODE = YES;
				CLANG_WARN__DUPLICATE_METHOD_MATCH = YES;
				COPY_PHASE_STRIP = NO;
				DEBUG_INFORMATION_FORMAT = dwarf;
				ENABLE_STRICT_OBJC_MSGSEND = YES;
				ENABLE_TESTABILITY = YES;
				GCC_C_LANGUAGE_STANDARD = gnu11;
				GCC_DYNAMIC_NO_PIC = NO;
				GCC_NO_COMMON_BLOCKS = YES;
				GCC_OPTIMIZATION_LEVEL = 0;
				GCC_PREPROCESSOR_DEFINITIONS = (
					"DEBUG=1",
					"$(inherited)",
				);
				GCC_WARN_64_TO_32_BIT_CONVERSION = YES;
				GCC_WARN_ABOUT_RETURN_TYPE = YES_ERROR;
				GCC_WARN_UNDECLARED_SELECTOR = YES;
				GCC_WARN_UNINITIALIZED_AUTOS = YES_AGGRESSIVE;
				GCC_WARN_UNUSED_FUNCTION = YES;
				GCC_WARN_UNUSED_VARIABLE = YES;
				IPHONEOS_DEPLOYMENT_TARGET = 16.0;
				MTL_ENABLE_DEBUG_INFO = INCLUDE_SOURCE;
				MTL_FAST_MATH = YES;
				ONLY_ACTIVE_ARCH = YES;
				SDKROOT = iphoneos;
				SWIFT_ACTIVE_COMPILATION_CONDITIONS = DEBUG;
				SWIFT_OPTIMIZATION_LEVEL = "-Onone";
			};
			name = Debug;
		};
		3936FECA2E1AAE1600C7D13D /* Release */ = {
			isa = XCBuildConfiguration;
			buildSettings = {
				ALWAYS_SEARCH_USER_PATHS = NO;
				CLANG_ANALYZER_NONNULL = YES;
				CLANG_ANALYZER_NUMBER_OBJECT_CONVERSION = YES_AGGRESSIVE;
				CLANG_CXX_LANGUAGE_STANDARD = "gnu++20";
				CLANG_ENABLE_MODULES = YES;
				CLANG_ENABLE_OBJC_ARC = YES;
				CLANG_ENABLE_OBJC_WEAK = YES;
				CLANG_WARN_BLOCK_CAPTURE_AUTORELEASING = YES;
				CLANG_WARN_BOOL_CONVERSION = YES;
				CLANG_WARN_COMMA = YES;
				CLANG_WARN_CONSTANT_CONVERSION = YES;
				CLANG_WARN_DEPRECATED_OBJC_IMPLEMENTATIONS = YES;
				CLANG_WARN_DIRECT_OBJC_ISA_USAGE = YES_ERROR;
				CLANG_WARN_DOCUMENTATION_COMMENTS = YES;
				CLANG_WARN_EMPTY_BODY = YES;
				CLANG_WARN_ENUM_CONVERSION = YES;
				CLANG_WARN_INFINITE_RECURSION = YES;
				CLANG_WARN_INT_CONVERSION = YES;
				CLANG_WARN_NON_LITERAL_NULL_CONVERSION = YES;
				CLANG_WARN_OBJC_IMPLICIT_RETAIN_SELF = YES;
				CLANG_WARN_OBJC_LITERAL_CONVERSION = YES;
				CLANG_WARN_OBJC_ROOT_CLASS = YES_ERROR;
				CLANG_WARN_QUOTED_INCLUDE_IN_FRAMEWORK_HEADER = YES;
				CLANG_WARN_RANGE_LOOP_ANALYSIS = YES;
				CLANG_WARN_STRICT_PROTOTYPES = YES;
				CLANG_WARN_SUSPICIOUS_MOVE = YES;
				CLANG_WARN_UNGUARDED_AVAILABILITY = YES_AGGRESSIVE;
				CLANG_WARN_UNREACHABLE_CODE = YES;
				CLANG_WARN__DUPLICATE_METHOD_MATCH = YES;
				COPY_PHASE_STRIP = NO;
				DEBUG_INFORMATION_FORMAT = "dwarf-with-dsym";
				ENABLE_NS_ASSERTIONS = NO;
				ENABLE_STRICT_OBJC_MSGSEND = YES;
				GCC_C_LANGUAGE_STANDARD = gnu11;
				GCC_NO_COMMON_BLOCKS = YES;
				GCC_WARN_64_TO_32_BIT_CONVERSION = YES;
				GCC_WARN_ABOUT_RETURN_TYPE = YES_ERROR;
				GCC_WARN_UNDECLARED_SELECTOR = YES;
				GCC_WARN_UNINITIALIZED_AUTOS = YES_AGGRESSIVE;
				GCC_WARN_UNUSED_FUNCTION = YES;
				GCC_WARN_UNUSED_VARIABLE = YES;
				IPHONEOS_DEPLOYMENT_TARGET = 16.0;
				MTL_ENABLE_DEBUG_INFO = NO;
				MTL_FAST_MATH = YES;
				SDKROOT = iphoneos;
				SWIFT_COMPILATION_MODE = wholemodule;
				SWIFT_OPTIMIZATION_LEVEL = "-O";
				VALIDATE_PRODUCT = YES;
			};
			name = Release;
		};
		3936FECC2E1AAE1600C7D13D /* Debug */ = {
			isa = XCBuildConfiguration;
			buildSettings = {
				ASSETCATALOG_COMPILER_APPICON_NAME = AppIcon;
				ASSETCATALOG_COMPILER_GLOBAL_ACCENT_COLOR_NAME = AccentColor;
				CODE_SIGN_STYLE = Automatic;
				CURRENT_PROJECT_VERSION = 1;
				DEVELOPMENT_ASSET_PATHS = "\"Daily/Preview Content\"";
				DEVELOPMENT_TEAM = B5UAVAP88T;
				ENABLE_PREVIEWS = YES;
				GENERATE_INFOPLIST_FILE = YES;
				INFOPLIST_KEY_UIApplicationSceneManifest_Generation = YES;
				INFOPLIST_KEY_UIApplicationSupportsIndirectInputEvents = YES;
				INFOPLIST_KEY_UILaunchScreen_Generation = YES;
				INFOPLIST_KEY_UISupportedInterfaceOrientations_iPad = "UIInterfaceOrientationPortrait UIInterfaceOrientationPortraitUpsideDown UIInterfaceOrientationLandscapeLeft UIInterfaceOrientationLandscapeRight";
				INFOPLIST_KEY_UISupportedInterfaceOrientations_iPhone = "UIInterfaceOrientationPortrait UIInterfaceOrientationLandscapeLeft UIInterfaceOrientationLandscapeRight";
				LD_RUNPATH_SEARCH_PATHS = (
					"$(inherited)",
					"@executable_path/Frameworks",
				);
				MARKETING_VERSION = 1.0;
				PRODUCT_BUNDLE_IDENTIFIER = com.qwertyuiop.Daily;
				PRODUCT_NAME = "$(TARGET_NAME)";
				SWIFT_EMIT_LOC_STRINGS = YES;
				SWIFT_VERSION = 5.0;
				TARGETED_DEVICE_FAMILY = "1,2";
			};
			name = Debug;
		};
		3936FECD2E1AAE1600C7D13D /* Release */ = {
			isa = XCBuildConfiguration;
			buildSettings = {
				ASSETCATALOG_COMPILER_APPICON_NAME = AppIcon;
				ASSETCATALOG_COMPILER_GLOBAL_ACCENT_COLOR_NAME = AccentColor;
				CODE_SIGN_STYLE = Automatic;
				CURRENT_PROJECT_VERSION = 1;
				DEVELOPMENT_ASSET_PATHS = "\"Daily/Preview Content\"";
				DEVELOPMENT_TEAM = B5UAVAP88T;
				ENABLE_PREVIEWS = YES;
				GENERATE_INFOPLIST_FILE = YES;
				INFOPLIST_KEY_UIApplicationSceneManifest_Generation = YES;
				INFOPLIST_KEY_UIApplicationSupportsIndirectInputEvents = YES;
				INFOPLIST_KEY_UILaunchScreen_Generation = YES;
				INFOPLIST_KEY_UISupportedInterfaceOrientations_iPad = "UIInterfaceOrientationPortrait UIInterfaceOrientationPortraitUpsideDown UIInterfaceOrientationLandscapeLeft UIInterfaceOrientationLandscapeRight";
				INFOPLIST_KEY_UISupportedInterfaceOrientations_iPhone = "UIInterfaceOrientationPortrait UIInterfaceOrientationLandscapeLeft UIInterfaceOrientationLandscapeRight";
				LD_RUNPATH_SEARCH_PATHS = (
					"$(inherited)",
					"@executable_path/Frameworks",
				);
				MARKETING_VERSION = 1.0;
				PRODUCT_BUNDLE_IDENTIFIER = com.qwertyuiop.Daily;
				PRODUCT_NAME = "$(TARGET_NAME)";
				SWIFT_EMIT_LOC_STRINGS = YES;
				SWIFT_VERSION = 5.0;
				TARGETED_DEVICE_FAMILY = "1,2";
			};
			name = Release;
		};
/* End XCBuildConfiguration section */

/* Begin XCConfigurationList section */
		3936FEB22E1AAE1300C7D13D /* Build configuration list for PBXProject "Daily" */ = {
			isa = XCConfigurationList;
			buildConfigurations = (
				3936FEC92E1AAE1600C7D13D /* Debug */,
				3936FECA2E1AAE1600C7D13D /* Release */,
			);
			defaultConfigurationIsVisible = 0;
			defaultConfigurationName = Release;
		};
		3936FECB2E1AAE1600C7D13D /* Build configuration list for PBXNativeTarget "Daily" */ = {
			isa = XCConfigurationList;
			buildConfigurations = (
				3936FECC2E1AAE1600C7D13D /* Debug */,
				3936FECD2E1AAE1600C7D13D /* Release */,
			);
			defaultConfigurationIsVisible = 0;
			defaultConfigurationName = Release;
		};
/* End XCConfigurationList section */

/* Begin XCRemoteSwiftPackageReference section */
		3936FECE2E1AB35200C7D13D /* XCRemoteSwiftPackageReference "firebase-ios-sdk" */ = {
			isa = XCRemoteSwiftPackageReference;
			repositoryURL = "https://github.com/firebase/firebase-ios-sdk";
			requirement = {
				kind = upToNextMajorVersion;
				minimumVersion = 9.0.0;
			};
		};
/* End XCRemoteSwiftPackageReference section */

/* Begin XCSwiftPackageProductDependency section */
		3936FECF2E1AB35200C7D13D /* FirebaseAuth */ = {
			isa = XCSwiftPackageProductDependency;
			package = 3936FECE2E1AB35200C7D13D /* XCRemoteSwiftPackageReference "firebase-ios-sdk" */;
			productName = FirebaseAuth;
		};
		3936FED12E1AB35200C7D13D /* FirebaseFirestore */ = {
			isa = XCSwiftPackageProductDependency;
			package = 3936FECE2E1AB35200C7D13D /* XCRemoteSwiftPackageReference "firebase-ios-sdk" */;
			productName = FirebaseFirestore;
		};
		3936FED32E1AB35200C7D13D /* FirebaseFirestoreSwift */ = {
			isa = XCSwiftPackageProductDependency;
			package = 3936FECE2E1AB35200C7D13D /* XCRemoteSwiftPackageReference "firebase-ios-sdk" */;
			productName = FirebaseFirestoreSwift;
		};
		3936FED52E1AB35200C7D13D /* FirebaseMessaging */ = {
			isa = XCSwiftPackageProductDependency;
			package = 3936FECE2E1AB35200C7D13D /* XCRemoteSwiftPackageReference "firebase-ios-sdk" */;
			productName = FirebaseMessaging;
		};
/* End XCSwiftPackageProductDependency section */

/* Begin XCVersionGroup section */
		3936FEC52E1AAE1600C7D13D /* Daily.xcdatamodeld */ = {
			isa = XCVersionGroup;
			children = (
				3936FEC62E1AAE1600C7D13D /* Daily.xcdatamodel */,
			);
			currentVersion = 3936FEC62E1AAE1600C7D13D /* Daily.xcdatamodel */;
			path = Daily.xcdatamodeld;
			sourceTree = "<group>";
			versionGroupType = wrapper.xcdatamodel;
		};
/* End XCVersionGroup section */
	};
	rootObject = 3936FEAF2E1AAE1300C7D13D /* Project object */;
}
